
Microsoft Visual Studio Solution File, Format Version 12.00
# Visual Studio Version 16
VisualStudioVersion = 16.0.30804.86
MinimumVisualStudioVersion = 10.0.40219.1
Project("{2150E333-8FDC-42A3-9474-1A3956D46DE8}") = "Interface", "Interface", "{37D8CA4B-7688-4E90-B84E-6BB5B7A08385}"
EndProject
Project("{9A19103F-16F7-4668-BE54-9A1E7A4F7556}") = "Interface.Library", "Interface.Library\Interface.Library.csproj", "{8FAB55B8-0527-4EAA-AABC-68D95B215A94}"
EndProject
Project("{9A19103F-16F7-4668-BE54-9A1E7A4F7556}") = "Interface.ConsoleUI", "Interface.ConsoleUI\Interface.ConsoleUI.csproj", "{4D367A70-73B5-45C6-B7D6-4B310561A365}"
EndProject
Project("{2150E333-8FDC-42A3-9474-1A3956D46DE8}") = "DataStructure", "DataStructure", "{F724D6EF-5C0C-4CE3-8B71-6C0439DA028E}"
EndProject
Project("{FAE04EC0-301F-11D3-BF4B-00C04F79EFBC}") = "Tree_Implementation", "Tree_Implementation\Tree_Implementation.csproj", "{DDB3A594-5CCE-4392-98F0-AD3AF1CA6F0D}"
EndProject
Global
	GlobalSection(SolutionConfigurationPlatforms) = preSolution
		Debug|Any CPU = Debug|Any CPU
		Release|Any CPU = Release|Any CPU
	EndGlobalSection
	GlobalSection(ProjectConfigurationPlatforms) = postSolution
		{8FAB55B8-0527-4EAA-AABC-68D95B215A94}.Debug|Any CPU.ActiveCfg = Debug|Any CPU
		{8FAB55B8-0527-4EAA-AABC-68D95B215A94}.Debug|Any CPU.Build.0 = Debug|Any CPU
		{8FAB55B8-0527-4EAA-AABC-68D95B215A94}.Release|Any CPU.ActiveCfg = Release|Any CPU
		{8FAB55B8-0527-4EAA-AABC-68D95B215A94}.Release|Any CPU.Build.0 = Release|Any CPU
		{4D367A70-73B5-45C6-B7D6-4B310561A365}.Debug|Any CPU.ActiveCfg = Debug|Any CPU
		{4D367A70-73B5-45C6-B7D6-4B310561A365}.Debug|Any CPU.Build.0 = Debug|Any CPU
		{4D367A70-73B5-45C6-B7D6-4B310561A365}.Release|Any CPU.ActiveCfg = Release|Any CPU
		{4D367A70-73B5-45C6-B7D6-4B310561A365}.Release|Any CPU.Build.0 = Release|Any CPU
		{DDB3A594-5CCE-4392-98F0-AD3AF1CA6F0D}.Debug|Any CPU.ActiveCfg = Debug|Any CPU
		{DDB3A594-5CCE-4392-98F0-AD3AF1CA6F0D}.Debug|Any CPU.Build.0 = Debug|Any CPU
		{DDB3A594-5CCE-4392-98F0-AD3AF1CA6F0D}.Release|Any CPU.ActiveCfg = Release|Any CPU
		{DDB3A594-5CCE-4392-98F0-AD3AF1CA6F0D}.Release|Any CPU.Build.0 = Release|Any CPU
	EndGlobalSection
	GlobalSection(SolutionProperties) = preSolution
		HideSolutionNode = FALSE
	EndGlobalSection
	GlobalSection(NestedProjects) = preSolution
		{8FAB55B8-0527-4EAA-AABC-68D95B215A94} = {37D8CA4B-7688-4E90-B84E-6BB5B7A08385}
		{4D367A70-73B5-45C6-B7D6-4B310561A365} = {37D8CA4B-7688-4E90-B84E-6BB5B7A08385}
		{DDB3A594-5CCE-4392-98F0-AD3AF1CA6F0D} = {F724D6EF-5C0C-4CE3-8B71-6C0439DA028E}
	EndGlobalSection
	GlobalSection(ExtensibilityGlobals) = postSolution
		SolutionGuid = {1FEA84DC-06B0-4881-A953-8808B23BC5AE}
	EndGlobalSection
EndGlobal
